
Microsoft Visual Studio Solution File, Format Version 12.00
# Visual Studio Version 17
VisualStudioVersion = 17.6.33815.320
MinimumVisualStudioVersion = 10.0.40219.1
Project("{9A19103F-16F7-4668-BE54-9A1E7A4F7556}") = "AvaloniaApplication1", "AvaloniaApplication1\AvaloniaApplication1.csproj", "{8F9FF49B-DEFC-46F3-9E12-F0D8D1C59B02}"
EndProject
Project("{9A19103F-16F7-4668-BE54-9A1E7A4F7556}") = "AvaloniaApplication1.Desktop", "AvaloniaApplication1.Desktop\AvaloniaApplication1.Desktop.csproj", "{2C1B2320-B76E-49EE-8FAC-9EF50CA069E2}"
EndProject
Global
	GlobalSection(SolutionConfigurationPlatforms) = preSolution
		Debug|Any CPU = Debug|Any CPU
		Release|Any CPU = Release|Any CPU
	EndGlobalSection
	GlobalSection(ProjectConfigurationPlatforms) = postSolution
		{8F9FF49B-DEFC-46F3-9E12-F0D8D1C59B02}.Debug|Any CPU.ActiveCfg = Debug|Any CPU
		{8F9FF49B-DEFC-46F3-9E12-F0D8D1C59B02}.Debug|Any CPU.Build.0 = Debug|Any CPU
		{8F9FF49B-DEFC-46F3-9E12-F0D8D1C59B02}.Release|Any CPU.ActiveCfg = Release|Any CPU
		{8F9FF49B-DEFC-46F3-9E12-F0D8D1C59B02}.Release|Any CPU.Build.0 = Release|Any CPU
		{2C1B2320-B76E-49EE-8FAC-9EF50CA069E2}.Debug|Any CPU.ActiveCfg = Debug|Any CPU
		{2C1B2320-B76E-49EE-8FAC-9EF50CA069E2}.Debug|Any CPU.Build.0 = Debug|Any CPU
		{2C1B2320-B76E-49EE-8FAC-9EF50CA069E2}.Release|Any CPU.ActiveCfg = Release|Any CPU
		{2C1B2320-B76E-49EE-8FAC-9EF50CA069E2}.Release|Any CPU.Build.0 = Release|Any CPU
	EndGlobalSection
	GlobalSection(SolutionProperties) = preSolution
		HideSolutionNode = FALSE
	EndGlobalSection
	GlobalSection(ExtensibilityGlobals) = postSolution
		SolutionGuid = {A74F96E8-824B-42BD-B902-B85C8EE03A36}
	EndGlobalSection
EndGlobal
